// !$*UTF8*$!
{
	archiveVersion = 1;
	classes = {
	};
	objectVersion = 77;
	objects = {

/* Begin PBXBuildFile section */
		A65A44A72F72EA6F000B2A35 /* appstore.png in Resources */ = {isa = PBXBuildFile; fileRef = A65A44902F72EA6F000B2A35 /* appstore.png */; };
		A65A44A92F72EA6F000B2A35 /* badge1.png in Resources */ = {isa = PBXBuildFile; fileRef = A65A44922F72EA6F000B2A35 /* badge1.png */; };
		A65A44AA2F72EA6F000B2A35 /* badge2.png in Resources */ = {isa = PBXBuildFile; fileRef = A65A44932F72EA6F000B2A35 /* badge2.png */; };
		A65A44AB2F72EA6F000B2A35 /* badge3.png in Resources */ = {isa = PBXBuildFile; fileRef = A65A44942F72EA6F000B2A35 /* badge3.png */; };
		A65A44AC2F72EA6F000B2A35 /* badge4.png in Resources */ = {isa = PBXBuildFile; fileRef = A65A44952F72EA6F000B2A35 /* badge4.png */; };
		A65A44AD2F72EA6F000B2A35 /* badge5.png in Resources */ = {isa = PBXBuildFile; fileRef = A65A44962F72EA6F000B2A35 /* badge5.png */; };
		A65A44AE2F72EA6F000B2A35 /* badge6.png in Resources */ = {isa = PBXBuildFile; fileRef = A65A44972F72EA6F000B2A35 /* badge6.png */; };
		A65A44AF2F72EA6F000B2A35 /* badge7.png in Resources */ = {isa = PBXBuildFile; fileRef = A65A44982F72EA6F000B2A35 /* badge7.png */; };
		A65A44B02F72EA6F000B2A35 /* badge8.png in Resources */ = {isa = PBXBuildFile; fileRef = A65A44992F72EA6F000B2A35 /* badge8.png */; };
		A65A44B12F72EA6F000B2A35 /* badge9.png in Resources */ = {isa = PBXBuildFile; fileRef = A65A449A2F72EA6F000B2A35 /* badge9.png */; };
		A65A44B22F72EA6F000B2A35 /* badge10.png in Resources */ = {isa = PBXBuildFile; fileRef = A65A449B2F72EA6F000B2A35 /* badge10.png */; };
		A65A44B32F72EA6F000B2A35 /* badge11.png in Resources */ = {isa = PBXBuildFile; fileRef = A65A449C2F72EA6F000B2A35 /* badge11.png */; };
		A65A44B42F72EA6F000B2A35 /* badge12.png in Resources */ = {isa = PBXBuildFile; fileRef = A65A449D2F72EA6F000B2A35 /* badge12.png */; };
		A65A44B52F72EA6F000B2A35 /* badge12b.png in Resources */ = {isa = PBXBuildFile; fileRef = A65A449E2F72EA6F000B2A35 /* badge12b.png */; };
		A65A44B62F72EA6F000B2A35 /* font.ttf in Resources */ = {isa = PBXBuildFile; fileRef = A65A44A22F72EA6F000B2A35 /* font.ttf */; };
		A65A44BB2F72EA6F000B2A35 /* ContentView.swift in Sources */ = {isa = PBXBuildFile; fileRef = A65A44A12F72EA6F000B2A35 /* ContentView.swift */; };
		A65A44C02F72EEF7000B2A35 /* AppModels.swift in Sources */ = {isa = PBXBuildFile; fileRef = A65A44BD2F72EEF7000B2A35 /* AppModels.swift */; };
		A65A44C12F72EEF7000B2A35 /* AppServices.swift in Sources */ = {isa = PBXBuildFile; fileRef = A65A44BE2F72EEF7000B2A35 /* AppServices.swift */; };
		A65A44CB2F72F1C7000B2A35 /* AppDateHelpers.swift in Sources */ = {isa = PBXBuildFile; fileRef = A65A44C52F72F1C7000B2A35 /* AppDateHelpers.swift */; };
		A65A44CC2F72F1C7000B2A35 /* BadgeViews.swift in Sources */ = {isa = PBXBuildFile; fileRef = A65A44C62F72F1C7000B2A35 /* BadgeViews.swift */; };
		A65A44CD2F72F1C7000B2A35 /* ChallengeViews.swift in Sources */ = {isa = PBXBuildFile; fileRef = A65A44C72F72F1C7000B2A35 /* ChallengeViews.swift */; };
		A65A44CE2F72F1C7000B2A35 /* OverlayShareViews.swift in Sources */ = {isa = PBXBuildFile; fileRef = A65A44C82F72F1C7000B2A35 /* OverlayShareViews.swift */; };
		A65A44CF2F72F1C7000B2A35 /* StatusViews.swift in Sources */ = {isa = PBXBuildFile; fileRef = A65A44C92F72F1C7000B2A35 /* StatusViews.swift */; };
		A65A44D02F72F1C7000B2A35 /* ViewStyleSupport.swift in Sources */ = {isa = PBXBuildFile; fileRef = A65A44CA2F72F1C7000B2A35 /* ViewStyleSupport.swift */; };
		A65A44D22F72F1E3000B2A35 /* ComponentViews.swift in Sources */ = {isa = PBXBuildFile; fileRef = A65A44D12F72F1E3000B2A35 /* ComponentViews.swift */; };
		A65A44DD2F72F5F6000B2A35 /* CheckInView.swift in Sources */ = {isa = PBXBuildFile; fileRef = A65A44DC2F72F5F6000B2A35 /* CheckInView.swift */; };
		A65A44DF2F72F5F6000B2A35 /* BergscheinView.swift in Sources */ = {isa = PBXBuildFile; fileRef = A65A44DE2F72F5F6000B2A35 /* BergscheinView.swift */; };
		A65A44E12F72F5F6000B2A35 /* ChallengeView.swift in Sources */ = {isa = PBXBuildFile; fileRef = A65A44E02F72F5F6000B2A35 /* ChallengeView.swift */; };
		A65A44E32F72F5F6000B2A35 /* ChangeLogView.swift in Sources */ = {isa = PBXBuildFile; fileRef = A65A44E22F72F5F6000B2A35 /* ChangeLogView.swift */; };
		A65A44E52F72F5F6000B2A35 /* TipJarView.swift in Sources */ = {isa = PBXBuildFile; fileRef = A65A44E42F72F5F6000B2A35 /* TipJarView.swift */; };
		A65A44E72F72F5F6000B2A35 /* CreditsView.swift in Sources */ = {isa = PBXBuildFile; fileRef = A65A44E62F72F5F6000B2A35 /* CreditsView.swift */; };
		A65A44E92F72F9C5000B2A35 /* ContentView+Tabs.swift in Sources */ = {isa = PBXBuildFile; fileRef = A65A44E82F72F9C5000B2A35 /* ContentView+Tabs.swift */; };
		A65A44EB2F72F9C5000B2A35 /* ContentView+Onboarding.swift in Sources */ = {isa = PBXBuildFile; fileRef = A65A44EA2F72F9C5000B2A35 /* ContentView+Onboarding.swift */; };
		A65A44ED2F72F9C6000B2A35 /* ContentView+TestMode.swift in Sources */ = {isa = PBXBuildFile; fileRef = A65A44EC2F72F9C6000B2A35 /* ContentView+TestMode.swift */; };
		A65A44EF2F72F9FD000B2A35 /* ContentView+Appearance.swift in Sources */ = {isa = PBXBuildFile; fileRef = A65A44EE2F72F9FD000B2A35 /* ContentView+Appearance.swift */; };
		A65A44F12F72F9FD000B2A35 /* ContentView+Ads.swift in Sources */ = {isa = PBXBuildFile; fileRef = A65A44F02F72F9FD000B2A35 /* ContentView+Ads.swift */; };
		A65A44F32F72F9FE000B2A35 /* ContentView+Actions.swift in Sources */ = {isa = PBXBuildFile; fileRef = A65A44F22F72F9FE000B2A35 /* ContentView+Actions.swift */; };
		A65A44F52F72FA62000B2A35 /* ContentView+Challenges.swift in Sources */ = {isa = PBXBuildFile; fileRef = A65A44F42F72FA62000B2A35 /* ContentView+Challenges.swift */; };
		A65A44F72F72FA62000B2A35 /* ContentView+Badges.swift in Sources */ = {isa = PBXBuildFile; fileRef = A65A44F62F72FA62000B2A35 /* ContentView+Badges.swift */; };
		A65A44F92F72FA62000B2A35 /* ContentView+Notifications.swift in Sources */ = {isa = PBXBuildFile; fileRef = A65A44F82F72FA62000B2A35 /* ContentView+Notifications.swift */; };
/* End PBXBuildFile section */

/* Begin PBXFileReference section */
		A65A44902F72EA6F000B2A35 /* appstore.png */ = {isa = PBXFileReference; lastKnownFileType = image.png; path = appstore.png; sourceTree = "<group>"; };
		A65A44922F72EA6F000B2A35 /* badge1.png */ = {isa = PBXFileReference; lastKnownFileType = image.png; path = badge1.png; sourceTree = "<group>"; };
		A65A44932F72EA6F000B2A35 /* badge2.png */ = {isa = PBXFileReference; lastKnownFileType = image.png; path = badge2.png; sourceTree = "<group>"; };
		A65A44942F72EA6F000B2A35 /* badge3.png */ = {isa = PBXFileReference; lastKnownFileType = image.png; path = badge3.png; sourceTree = "<group>"; };
		A65A44952F72EA6F000B2A35 /* badge4.png */ = {isa = PBXFileReference; lastKnownFileType = image.png; path = badge4.png; sourceTree = "<group>"; };
		A65A44962F72EA6F000B2A35 /* badge5.png */ = {isa = PBXFileReference; lastKnownFileType = image.png; path = badge5.png; sourceTree = "<group>"; };
		A65A44972F72EA6F000B2A35 /* badge6.png */ = {isa = PBXFileReference; lastKnownFileType = image.png; path = badge6.png; sourceTree = "<group>"; };
		A65A44982F72EA6F000B2A35 /* badge7.png */ = {isa = PBXFileReference; lastKnownFileType = image.png; path = badge7.png; sourceTree = "<group>"; };
		A65A44992F72EA6F000B2A35 /* badge8.png */ = {isa = PBXFileReference; lastKnownFileType = image.png; path = badge8.png; sourceTree = "<group>"; };
		A65A449A2F72EA6F000B2A35 /* badge9.png */ = {isa = PBXFileReference; lastKnownFileType = image.png; path = badge9.png; sourceTree = "<group>"; };
		A65A449B2F72EA6F000B2A35 /* badge10.png */ = {isa = PBXFileReference; lastKnownFileType = image.png; path = badge10.png; sourceTree = "<group>"; };
		A65A449C2F72EA6F000B2A35 /* badge11.png */ = {isa = PBXFileReference; lastKnownFileType = image.png; path = badge11.png; sourceTree = "<group>"; };
		A65A449D2F72EA6F000B2A35 /* badge12.png */ = {isa = PBXFileReference; lastKnownFileType = image.png; path = badge12.png; sourceTree = "<group>"; };
		A65A449E2F72EA6F000B2A35 /* badge12b.png */ = {isa = PBXFileReference; lastKnownFileType = image.png; path = badge12b.png; sourceTree = "<group>"; };
		A65A44A12F72EA6F000B2A35 /* ContentView.swift */ = {isa = PBXFileReference; lastKnownFileType = sourcecode.swift; path = ContentView.swift; sourceTree = "<group>"; };
		A65A44A22F72EA6F000B2A35 /* font.ttf */ = {isa = PBXFileReference; lastKnownFileType = file; path = font.ttf; sourceTree = "<group>"; };
		A65A44BD2F72EEF7000B2A35 /* AppModels.swift */ = {isa = PBXFileReference; lastKnownFileType = sourcecode.swift; path = AppModels.swift; sourceTree = "<group>"; };
		A65A44BE2F72EEF7000B2A35 /* AppServices.swift */ = {isa = PBXFileReference; lastKnownFileType = sourcecode.swift; path = AppServices.swift; sourceTree = "<group>"; };
		A65A44C52F72F1C7000B2A35 /* AppDateHelpers.swift */ = {isa = PBXFileReference; lastKnownFileType = sourcecode.swift; path = AppDateHelpers.swift; sourceTree = "<group>"; };
		A65A44C62F72F1C7000B2A35 /* BadgeViews.swift */ = {isa = PBXFileReference; lastKnownFileType = sourcecode.swift; path = BadgeViews.swift; sourceTree = "<group>"; };
		A65A44C72F72F1C7000B2A35 /* ChallengeViews.swift */ = {isa = PBXFileReference; lastKnownFileType = sourcecode.swift; path = ChallengeViews.swift; sourceTree = "<group>"; };
		A65A44C82F72F1C7000B2A35 /* OverlayShareViews.swift */ = {isa = PBXFileReference; lastKnownFileType = sourcecode.swift; path = OverlayShareViews.swift; sourceTree = "<group>"; };
		A65A44C92F72F1C7000B2A35 /* StatusViews.swift */ = {isa = PBXFileReference; lastKnownFileType = sourcecode.swift; path = StatusViews.swift; sourceTree = "<group>"; };
		A65A44CA2F72F1C7000B2A35 /* ViewStyleSupport.swift */ = {isa = PBXFileReference; lastKnownFileType = sourcecode.swift; path = ViewStyleSupport.swift; sourceTree = "<group>"; };
		A65A44D12F72F1E3000B2A35 /* ComponentViews.swift */ = {isa = PBXFileReference; lastKnownFileType = sourcecode.swift; path = ComponentViews.swift; sourceTree = "<group>"; };
		A65A44DC2F72F5F6000B2A35 /* CheckInView.swift */ = {isa = PBXFileReference; lastKnownFileType = sourcecode.swift; path = CheckInView.swift; sourceTree = "<group>"; };
		A65A44DE2F72F5F6000B2A35 /* BergscheinView.swift */ = {isa = PBXFileReference; lastKnownFileType = sourcecode.swift; path = BergscheinView.swift; sourceTree = "<group>"; };
		A65A44E02F72F5F6000B2A35 /* ChallengeView.swift */ = {isa = PBXFileReference; lastKnownFileType = sourcecode.swift; path = ChallengeView.swift; sourceTree = "<group>"; };
		A65A44E22F72F5F6000B2A35 /* ChangeLogView.swift */ = {isa = PBXFileReference; lastKnownFileType = sourcecode.swift; path = ChangeLogView.swift; sourceTree = "<group>"; };
		A65A44E42F72F5F6000B2A35 /* TipJarView.swift */ = {isa = PBXFileReference; lastKnownFileType = sourcecode.swift; path = TipJarView.swift; sourceTree = "<group>"; };
		A65A44E62F72F5F6000B2A35 /* CreditsView.swift */ = {isa = PBXFileReference; lastKnownFileType = sourcecode.swift; path = CreditsView.swift; sourceTree = "<group>"; };
		A65A44E82F72F9C5000B2A35 /* ContentView+Tabs.swift */ = {isa = PBXFileReference; lastKnownFileType = sourcecode.swift; path = "ContentView+Tabs.swift"; sourceTree = "<group>"; };
		A65A44EA2F72F9C5000B2A35 /* ContentView+Onboarding.swift */ = {isa = PBXFileReference; lastKnownFileType = sourcecode.swift; path = "ContentView+Onboarding.swift"; sourceTree = "<group>"; };
		A65A44EC2F72F9C6000B2A35 /* ContentView+TestMode.swift */ = {isa = PBXFileReference; lastKnownFileType = sourcecode.swift; path = "ContentView+TestMode.swift"; sourceTree = "<group>"; };
		A65A44EE2F72F9FD000B2A35 /* ContentView+Appearance.swift */ = {isa = PBXFileReference; lastKnownFileType = sourcecode.swift; path = "ContentView+Appearance.swift"; sourceTree = "<group>"; };
		A65A44F02F72F9FD000B2A35 /* ContentView+Ads.swift */ = {isa = PBXFileReference; lastKnownFileType = sourcecode.swift; path = "ContentView+Ads.swift"; sourceTree = "<group>"; };
		A65A44F22F72F9FE000B2A35 /* ContentView+Actions.swift */ = {isa = PBXFileReference; lastKnownFileType = sourcecode.swift; path = "ContentView+Actions.swift"; sourceTree = "<group>"; };
		A65A44F42F72FA62000B2A35 /* ContentView+Challenges.swift */ = {isa = PBXFileReference; lastKnownFileType = sourcecode.swift; path = "ContentView+Challenges.swift"; sourceTree = "<group>"; };
		A65A44F62F72FA62000B2A35 /* ContentView+Badges.swift */ = {isa = PBXFileReference; lastKnownFileType = sourcecode.swift; path = "ContentView+Badges.swift"; sourceTree = "<group>"; };
		A65A44F82F72FA62000B2A35 /* ContentView+Notifications.swift */ = {isa = PBXFileReference; lastKnownFileType = sourcecode.swift; path = "ContentView+Notifications.swift"; sourceTree = "<group>"; };
		A69F0BD22F6D5A9800D2C755 /* Bergschein.app */ = {isa = PBXFileReference; explicitFileType = wrapper.application; includeInIndex = 0; path = Bergschein.app; sourceTree = BUILT_PRODUCTS_DIR; };
/* End PBXFileReference section */

/* Begin PBXFileSystemSynchronizedRootGroup section */
		A69F0BD42F6D5A9800D2C755 /* Bergschein */ = {
			isa = PBXFileSystemSynchronizedRootGroup;
			path = Bergschein;
			sourceTree = "<group>";
		};
/* End PBXFileSystemSynchronizedRootGroup section */

/* Begin PBXFrameworksBuildPhase section */
		A69F0BCF2F6D5A9800D2C755 /* Frameworks */ = {
			isa = PBXFrameworksBuildPhase;
			buildActionMask = 2147483647;
			files = (
			);
			runOnlyForDeploymentPostprocessing = 0;
		};
/* End PBXFrameworksBuildPhase section */

/* Begin PBXGroup section */
		A65A44D32F72F222000B2A35 /* Resources */ = {
			isa = PBXGroup;
			children = (
				A65A44D42F72F227000B2A35 /* Images */,
				A65A44DB2F72F2CF000B2A35 /* Fonts */,
			);
			path = Resources;
			sourceTree = "<group>";
		};
		A65A44D42F72F227000B2A35 /* Images */ = {
			isa = PBXGroup;
			children = (
				A65A44922F72EA6F000B2A35 /* badge1.png */,
				A65A44932F72EA6F000B2A35 /* badge2.png */,
				A65A44942F72EA6F000B2A35 /* badge3.png */,
				A65A44952F72EA6F000B2A35 /* badge4.png */,
				A65A44962F72EA6F000B2A35 /* badge5.png */,
				A65A44972F72EA6F000B2A35 /* badge6.png */,
				A65A44992F72EA6F000B2A35 /* badge8.png */,
				A65A44982F72EA6F000B2A35 /* badge7.png */,
				A65A449A2F72EA6F000B2A35 /* badge9.png */,
				A65A449B2F72EA6F000B2A35 /* badge10.png */,
				A65A449C2F72EA6F000B2A35 /* badge11.png */,
				A65A449D2F72EA6F000B2A35 /* badge12.png */,
				A65A449E2F72EA6F000B2A35 /* badge12b.png */,
				A65A44902F72EA6F000B2A35 /* appstore.png */,
			);
			path = Images;
			sourceTree = "<group>";
		};
		A65A44D52F72F2CE000B2A35 /* Models */ = {
			isa = PBXGroup;
			children = (
				A65A44BD2F72EEF7000B2A35 /* AppModels.swift */,
			);
			path = Models;
			sourceTree = "<group>";
		};
		A65A44D62F72F2CE000B2A35 /* Helpers */ = {
			isa = PBXGroup;
			children = (
				A65A44C52F72F1C7000B2A35 /* AppDateHelpers.swift */,
				A65A44CA2F72F1C7000B2A35 /* ViewStyleSupport.swift */,
			);
			path = Helpers;
			sourceTree = "<group>";
		};
		A65A44D72F72F2CE000B2A35 /* Services */ = {
			isa = PBXGroup;
			children = (
				A65A44BE2F72EEF7000B2A35 /* AppServices.swift */,
			);
			path = Services;
			sourceTree = "<group>";
		};
		A65A44D82F72F2CE000B2A35 /* Views */ = {
			isa = PBXGroup;
			children = (
				A65A44D92F72F2CE000B2A35 /* Screens */,
				A65A44DA2F72F2CE000B2A35 /* Components */,
			);
			path = Views;
			sourceTree = "<group>";
		};
		A65A44D92F72F2CE000B2A35 /* Screens */ = {
			isa = PBXGroup;
			children = (
				A65A44A12F72EA6F000B2A35 /* ContentView.swift */,
				A65A44DC2F72F5F6000B2A35 /* CheckInView.swift */,
				A65A44DE2F72F5F6000B2A35 /* BergscheinView.swift */,
				A65A44E02F72F5F6000B2A35 /* ChallengeView.swift */,
				A65A44E22F72F5F6000B2A35 /* ChangeLogView.swift */,
				A65A44E42F72F5F6000B2A35 /* TipJarView.swift */,
				A65A44E62F72F5F6000B2A35 /* CreditsView.swift */,
				A65A44E82F72F9C5000B2A35 /* ContentView+Tabs.swift */,
				A65A44EA2F72F9C5000B2A35 /* ContentView+Onboarding.swift */,
				A65A44EC2F72F9C6000B2A35 /* ContentView+TestMode.swift */,
				A65A44EE2F72F9FD000B2A35 /* ContentView+Appearance.swift */,
				A65A44F02F72F9FD000B2A35 /* ContentView+Ads.swift */,
				A65A44F22F72F9FE000B2A35 /* ContentView+Actions.swift */,
				A65A44F42F72FA62000B2A35 /* ContentView+Challenges.swift */,
				A65A44F62F72FA62000B2A35 /* ContentView+Badges.swift */,
				A65A44F82F72FA62000B2A35 /* ContentView+Notifications.swift */,
			);
			path = Screens;
			sourceTree = "<group>";
		};
		A65A44DA2F72F2CE000B2A35 /* Components */ = {
			isa = PBXGroup;
			children = (
				A65A44C92F72F1C7000B2A35 /* StatusViews.swift */,
				A65A44C62F72F1C7000B2A35 /* BadgeViews.swift */,
				A65A44C72F72F1C7000B2A35 /* ChallengeViews.swift */,
				A65A44C82F72F1C7000B2A35 /* OverlayShareViews.swift */,
				A65A44D12F72F1E3000B2A35 /* ComponentViews.swift */,
			);
			path = Components;
			sourceTree = "<group>";
		};
		A65A44DB2F72F2CF000B2A35 /* Fonts */ = {
			isa = PBXGroup;
			children = (
				A65A44A22F72EA6F000B2A35 /* font.ttf */,
			);
			path = Fonts;
			sourceTree = "<group>";
		};
		A69F0BC92F6D5A9800D2C755 = {
			isa = PBXGroup;
			children = (
				A69F0BD42F6D5A9800D2C755 /* Bergschein */,
				A69F0BD32F6D5A9800D2C755 /* Products */,
				A65A44D32F72F222000B2A35 /* Resources */,
				A65A44D52F72F2CE000B2A35 /* Models */,
				A65A44D62F72F2CE000B2A35 /* Helpers */,
				A65A44D72F72F2CE000B2A35 /* Services */,
				A65A44D82F72F2CE000B2A35 /* Views */,
			);
			sourceTree = "<group>";
		};
		A69F0BD32F6D5A9800D2C755 /* Products */ = {
			isa = PBXGroup;
			children = (
				A69F0BD22F6D5A9800D2C755 /* Bergschein.app */,
			);
			name = Products;
			sourceTree = "<group>";
		};
/* End PBXGroup section */

/* Begin PBXNativeTarget section */
		A69F0BD12F6D5A9800D2C755 /* Bergschein */ = {
			isa = PBXNativeTarget;
			buildConfigurationList = A69F0BDF2F6D5A9900D2C755 /* Build configuration list for PBXNativeTarget "Bergschein" */;
			buildPhases = (
				A69F0BCE2F6D5A9800D2C755 /* Sources */,
				A69F0BCF2F6D5A9800D2C755 /* Frameworks */,
				A69F0BD02F6D5A9800D2C755 /* Resources */,
			);
			buildRules = (
			);
			dependencies = (
			);
			fileSystemSynchronizedGroups = (
				A69F0BD42F6D5A9800D2C755 /* Bergschein */,
			);
			name = Bergschein;
			packageProductDependencies = (
			);
			productName = Bergschein;
			productReference = A69F0BD22F6D5A9800D2C755 /* Bergschein.app */;
			productType = "com.apple.product-type.application";
		};
/* End PBXNativeTarget section */

/* Begin PBXProject section */
		A69F0BCA2F6D5A9800D2C755 /* Project object */ = {
			isa = PBXProject;
			attributes = {
				BuildIndependentTargetsInParallel = 1;
				LastSwiftUpdateCheck = 2630;
				LastUpgradeCheck = 2630;
				TargetAttributes = {
					A69F0BD12F6D5A9800D2C755 = {
						CreatedOnToolsVersion = 26.3;
					};
				};
			};
			buildConfigurationList = A69F0BCD2F6D5A9800D2C755 /* Build configuration list for PBXProject "Bergschein" */;
			developmentRegion = en;
			hasScannedForEncodings = 0;
			knownRegions = (
				en,
				Base,
			);
			mainGroup = A69F0BC92F6D5A9800D2C755;
			minimizedProjectReferenceProxies = 1;
			preferredProjectObjectVersion = 77;
			productRefGroup = A69F0BD32F6D5A9800D2C755 /* Products */;
			projectDirPath = "";
			projectRoot = "";
			targets = (
				A69F0BD12F6D5A9800D2C755 /* Bergschein */,
			);
		};
/* End PBXProject section */

/* Begin PBXResourcesBuildPhase section */
		A69F0BD02F6D5A9800D2C755 /* Resources */ = {
			isa = PBXResourcesBuildPhase;
			buildActionMask = 2147483647;
			files = (
				A65A44A72F72EA6F000B2A35 /* appstore.png in Resources */,
				A65A44A92F72EA6F000B2A35 /* badge1.png in Resources */,
				A65A44AA2F72EA6F000B2A35 /* badge2.png in Resources */,
				A65A44AB2F72EA6F000B2A35 /* badge3.png in Resources */,
				A65A44AC2F72EA6F000B2A35 /* badge4.png in Resources */,
				A65A44AD2F72EA6F000B2A35 /* badge5.png in Resources */,
				A65A44AE2F72EA6F000B2A35 /* badge6.png in Resources */,
				A65A44AF2F72EA6F000B2A35 /* badge7.png in Resources */,
				A65A44B02F72EA6F000B2A35 /* badge8.png in Resources */,
				A65A44B12F72EA6F000B2A35 /* badge9.png in Resources */,
				A65A44B22F72EA6F000B2A35 /* badge10.png in Resources */,
				A65A44B32F72EA6F000B2A35 /* badge11.png in Resources */,
				A65A44B42F72EA6F000B2A35 /* badge12.png in Resources */,
				A65A44B52F72EA6F000B2A35 /* badge12b.png in Resources */,
				A65A44B62F72EA6F000B2A35 /* font.ttf in Resources */,
			);
			runOnlyForDeploymentPostprocessing = 0;
		};
/* End PBXResourcesBuildPhase section */

/* Begin PBXSourcesBuildPhase section */
		A69F0BCE2F6D5A9800D2C755 /* Sources */ = {
			isa = PBXSourcesBuildPhase;
			buildActionMask = 2147483647;
			files = (
				A65A44E52F72F5F6000B2A35 /* TipJarView.swift in Sources */,
				A65A44CB2F72F1C7000B2A35 /* AppDateHelpers.swift in Sources */,
				A65A44CC2F72F1C7000B2A35 /* BadgeViews.swift in Sources */,
				A65A44E92F72F9C5000B2A35 /* ContentView+Tabs.swift in Sources */,
				A65A44CD2F72F1C7000B2A35 /* ChallengeViews.swift in Sources */,
				A65A44F52F72FA62000B2A35 /* ContentView+Challenges.swift in Sources */,
				A65A44F92F72FA62000B2A35 /* ContentView+Notifications.swift in Sources */,
				A65A44F72F72FA62000B2A35 /* ContentView+Badges.swift in Sources */,
				A65A44DF2F72F5F6000B2A35 /* BergscheinView.swift in Sources */,
				A65A44CE2F72F1C7000B2A35 /* OverlayShareViews.swift in Sources */,
				A65A44CF2F72F1C7000B2A35 /* StatusViews.swift in Sources */,
				A65A44E32F72F5F6000B2A35 /* ChangeLogView.swift in Sources */,
				A65A44D02F72F1C7000B2A35 /* ViewStyleSupport.swift in Sources */,
				A65A44BB2F72EA6F000B2A35 /* ContentView.swift in Sources */,
				A65A44F32F72F9FE000B2A35 /* ContentView+Actions.swift in Sources */,
				A65A44DD2F72F5F6000B2A35 /* CheckInView.swift in Sources */,
				A65A44E72F72F5F6000B2A35 /* CreditsView.swift in Sources */,
				A65A44EB2F72F9C5000B2A35 /* ContentView+Onboarding.swift in Sources */,
				A65A44ED2F72F9C6000B2A35 /* ContentView+TestMode.swift in Sources */,
				A65A44E12F72F5F6000B2A35 /* ChallengeView.swift in Sources */,
				A65A44F12F72F9FD000B2A35 /* ContentView+Ads.swift in Sources */,
				A65A44EF2F72F9FD000B2A35 /* ContentView+Appearance.swift in Sources */,
				A65A44C02F72EEF7000B2A35 /* AppModels.swift in Sources */,
				A65A44D22F72F1E3000B2A35 /* ComponentViews.swift in Sources */,
				A65A44C12F72EEF7000B2A35 /* AppServices.swift in Sources */,
			);
			runOnlyForDeploymentPostprocessing = 0;
		};
/* End PBXSourcesBuildPhase section */

/* Begin XCBuildConfiguration section */
		A69F0BDD2F6D5A9900D2C755 /* Debug */ = {
			isa = XCBuildConfiguration;
			buildSettings = {
				ALWAYS_SEARCH_USER_PATHS = NO;
				ASSETCATALOG_COMPILER_GENERATE_SWIFT_ASSET_SYMBOL_EXTENSIONS = YES;
				CLANG_ANALYZER_NONNULL = YES;
				CLANG_ANALYZER_NUMBER_OBJECT_CONVERSION = YES_AGGRESSIVE;
				CLANG_CXX_LANGUAGE_STANDARD = "gnu++20";
				CLANG_ENABLE_MODULES = YES;
				CLANG_ENABLE_OBJC_ARC = YES;
				CLANG_ENABLE_OBJC_WEAK = YES;
				CLANG_WARN_BLOCK_CAPTURE_AUTORELEASING = YES;
				CLANG_WARN_BOOL_CONVERSION = YES;
				CLANG_WARN_COMMA = YES;
				CLANG_WARN_CONSTANT_CONVERSION = YES;
				CLANG_WARN_DEPRECATED_OBJC_IMPLEMENTATIONS = YES;
				CLANG_WARN_DIRECT_OBJC_ISA_USAGE = YES_ERROR;
				CLANG_WARN_DOCUMENTATION_COMMENTS = YES;
				CLANG_WARN_EMPTY_BODY = YES;
				CLANG_WARN_ENUM_CONVERSION = YES;
				CLANG_WARN_INFINITE_RECURSION = YES;
				CLANG_WARN_INT_CONVERSION = YES;
				CLANG_WARN_NON_LITERAL_NULL_CONVERSION = YES;
				CLANG_WARN_OBJC_IMPLICIT_RETAIN_SELF = YES;
				CLANG_WARN_OBJC_LITERAL_CONVERSION = YES;
				CLANG_WARN_OBJC_ROOT_CLASS = YES_ERROR;
				CLANG_WARN_QUOTED_INCLUDE_IN_FRAMEWORK_HEADER = YES;
				CLANG_WARN_RANGE_LOOP_ANALYSIS = YES;
				CLANG_WARN_STRICT_PROTOTYPES = YES;
				CLANG_WARN_SUSPICIOUS_MOVE = YES;
				CLANG_WARN_UNGUARDED_AVAILABILITY = YES_AGGRESSIVE;
				CLANG_WARN_UNREACHABLE_CODE = YES;
				CLANG_WARN__DUPLICATE_METHOD_MATCH = YES;
				COPY_PHASE_STRIP = NO;
				DEBUG_INFORMATION_FORMAT = dwarf;
				DEVELOPMENT_TEAM = 4PWX2BVX67;
				ENABLE_STRICT_OBJC_MSGSEND = YES;
				ENABLE_TESTABILITY = YES;
				ENABLE_USER_SCRIPT_SANDBOXING = YES;
				GCC_C_LANGUAGE_STANDARD = gnu17;
				GCC_DYNAMIC_NO_PIC = NO;
				GCC_NO_COMMON_BLOCKS = YES;
				GCC_OPTIMIZATION_LEVEL = 0;
				GCC_PREPROCESSOR_DEFINITIONS = (
					"DEBUG=1",
					"$(inherited)",
				);
				GCC_WARN_64_TO_32_BIT_CONVERSION = YES;
				GCC_WARN_ABOUT_RETURN_TYPE = YES_ERROR;
				GCC_WARN_UNDECLARED_SELECTOR = YES;
				GCC_WARN_UNINITIALIZED_AUTOS = YES_AGGRESSIVE;
				GCC_WARN_UNUSED_FUNCTION = YES;
				GCC_WARN_UNUSED_VARIABLE = YES;
				IPHONEOS_DEPLOYMENT_TARGET = 26.2;
				LOCALIZATION_PREFERS_STRING_CATALOGS = YES;
				MTL_ENABLE_DEBUG_INFO = INCLUDE_SOURCE;
				MTL_FAST_MATH = YES;
				ONLY_ACTIVE_ARCH = YES;
				SDKROOT = iphoneos;
				SWIFT_ACTIVE_COMPILATION_CONDITIONS = "DEBUG $(inherited)";
				SWIFT_OPTIMIZATION_LEVEL = "-Onone";
			};
			name = Debug;
		};
		A69F0BDE2F6D5A9900D2C755 /* Release */ = {
			isa = XCBuildConfiguration;
			buildSettings = {
				ALWAYS_SEARCH_USER_PATHS = NO;
				ASSETCATALOG_COMPILER_GENERATE_SWIFT_ASSET_SYMBOL_EXTENSIONS = YES;
				CLANG_ANALYZER_NONNULL = YES;
				CLANG_ANALYZER_NUMBER_OBJECT_CONVERSION = YES_AGGRESSIVE;
				CLANG_CXX_LANGUAGE_STANDARD = "gnu++20";
				CLANG_ENABLE_MODULES = YES;
				CLANG_ENABLE_OBJC_ARC = YES;
				CLANG_ENABLE_OBJC_WEAK = YES;
				CLANG_WARN_BLOCK_CAPTURE_AUTORELEASING = YES;
				CLANG_WARN_BOOL_CONVERSION = YES;
				CLANG_WARN_COMMA = YES;
				CLANG_WARN_CONSTANT_CONVERSION = YES;
				CLANG_WARN_DEPRECATED_OBJC_IMPLEMENTATIONS = YES;
				CLANG_WARN_DIRECT_OBJC_ISA_USAGE = YES_ERROR;
				CLANG_WARN_DOCUMENTATION_COMMENTS = YES;
				CLANG_WARN_EMPTY_BODY = YES;
				CLANG_WARN_ENUM_CONVERSION = YES;
				CLANG_WARN_INFINITE_RECURSION = YES;
				CLANG_WARN_INT_CONVERSION = YES;
				CLANG_WARN_NON_LITERAL_NULL_CONVERSION = YES;
				CLANG_WARN_OBJC_IMPLICIT_RETAIN_SELF = YES;
				CLANG_WARN_OBJC_LITERAL_CONVERSION = YES;
				CLANG_WARN_OBJC_ROOT_CLASS = YES_ERROR;
				CLANG_WARN_QUOTED_INCLUDE_IN_FRAMEWORK_HEADER = YES;
				CLANG_WARN_RANGE_LOOP_ANALYSIS = YES;
				CLANG_WARN_STRICT_PROTOTYPES = YES;
				CLANG_WARN_SUSPICIOUS_MOVE = YES;
				CLANG_WARN_UNGUARDED_AVAILABILITY = YES_AGGRESSIVE;
				CLANG_WARN_UNREACHABLE_CODE = YES;
				CLANG_WARN__DUPLICATE_METHOD_MATCH = YES;
				COPY_PHASE_STRIP = NO;
				DEBUG_INFORMATION_FORMAT = "dwarf-with-dsym";
				DEVELOPMENT_TEAM = 4PWX2BVX67;
				ENABLE_NS_ASSERTIONS = NO;
				ENABLE_STRICT_OBJC_MSGSEND = YES;
				ENABLE_USER_SCRIPT_SANDBOXING = YES;
				GCC_C_LANGUAGE_STANDARD = gnu17;
				GCC_NO_COMMON_BLOCKS = YES;
				GCC_WARN_64_TO_32_BIT_CONVERSION = YES;
				GCC_WARN_ABOUT_RETURN_TYPE = YES_ERROR;
				GCC_WARN_UNDECLARED_SELECTOR = YES;
				GCC_WARN_UNINITIALIZED_AUTOS = YES_AGGRESSIVE;
				GCC_WARN_UNUSED_FUNCTION = YES;
				GCC_WARN_UNUSED_VARIABLE = YES;
				IPHONEOS_DEPLOYMENT_TARGET = 26.2;
				LOCALIZATION_PREFERS_STRING_CATALOGS = YES;
				MTL_ENABLE_DEBUG_INFO = NO;
				MTL_FAST_MATH = YES;
				SDKROOT = iphoneos;
				SWIFT_COMPILATION_MODE = wholemodule;
				VALIDATE_PRODUCT = YES;
			};
			name = Release;
		};
		A69F0BE02F6D5A9900D2C755 /* Debug */ = {
			isa = XCBuildConfiguration;
			buildSettings = {
				ASSETCATALOG_COMPILER_APPICON_NAME = AppIcon;
				ASSETCATALOG_COMPILER_GLOBAL_ACCENT_COLOR_NAME = AccentColor;
				CODE_SIGN_STYLE = Automatic;
				CURRENT_PROJECT_VERSION = 1;
				DEVELOPMENT_TEAM = 4PWX2BVX67;
				ENABLE_PREVIEWS = YES;
				GENERATE_INFOPLIST_FILE = YES;
				INFOPLIST_KEY_CFBundleDisplayName = "Der Bergschein";
				INFOPLIST_KEY_NSLocationWhenInUseUsageDescription = "Der Standort wird verwendet, um zu prüfen, ob du dich am Berg oder in einer Challenge-Zone befindest, damit du zum Beispiel den Check-in-Button für den Tagesstempel oder eine Challenge nur direkt vor Ort nutzen kannst.";
				INFOPLIST_KEY_UIApplicationSceneManifest_Generation = YES;
				INFOPLIST_KEY_UIApplicationSupportsIndirectInputEvents = YES;
				INFOPLIST_KEY_UILaunchScreen_Generation = YES;
				INFOPLIST_KEY_UISupportedInterfaceOrientations = UIInterfaceOrientationPortrait;
				INFOPLIST_KEY_UISupportedInterfaceOrientations_iPad = "UIInterfaceOrientationLandscapeLeft UIInterfaceOrientationLandscapeRight UIInterfaceOrientationPortrait UIInterfaceOrientationPortraitUpsideDown";
				LD_RUNPATH_SEARCH_PATHS = (
					"$(inherited)",
					"@executable_path/Frameworks",
				);
				MARKETING_VERSION = 2026.0;
				PRODUCT_BUNDLE_IDENTIFIER = de.ffwdventures.Bergschein;
				PRODUCT_NAME = "$(TARGET_NAME)";
				STRING_CATALOG_GENERATE_SYMBOLS = YES;
				SUPPORTED_PLATFORMS = "iphoneos iphonesimulator";
				SUPPORTS_MACCATALYST = NO;
				SUPPORTS_MAC_DESIGNED_FOR_IPHONE_IPAD = NO;
				SUPPORTS_XR_DESIGNED_FOR_IPHONE_IPAD = NO;
				SWIFT_APPROACHABLE_CONCURRENCY = YES;
				SWIFT_DEFAULT_ACTOR_ISOLATION = MainActor;
				SWIFT_EMIT_LOC_STRINGS = YES;
				SWIFT_UPCOMING_FEATURE_MEMBER_IMPORT_VISIBILITY = YES;
				SWIFT_VERSION = 5.0;
				TARGETED_DEVICE_FAMILY = 1;
			};
			name = Debug;
		};
		A69F0BE12F6D5A9900D2C755 /* Release */ = {
			isa = XCBuildConfiguration;
			buildSettings = {
				ASSETCATALOG_COMPILER_APPICON_NAME = AppIcon;
				ASSETCATALOG_COMPILER_GLOBAL_ACCENT_COLOR_NAME = AccentColor;
				CODE_SIGN_STYLE = Automatic;
				CURRENT_PROJECT_VERSION = 1;
				DEVELOPMENT_TEAM = 4PWX2BVX67;
				ENABLE_PREVIEWS = YES;
				GENERATE_INFOPLIST_FILE = YES;
				INFOPLIST_KEY_CFBundleDisplayName = "Der Bergschein";
				INFOPLIST_KEY_NSLocationWhenInUseUsageDescription = "Der Standort wird verwendet, um zu prüfen, ob du dich am Berg oder in einer Challenge-Zone befindest, damit du zum Beispiel den Check-in-Button für den Tagesstempel oder eine Challenge nur direkt vor Ort nutzen kannst.";
				INFOPLIST_KEY_UIApplicationSceneManifest_Generation = YES;
				INFOPLIST_KEY_UIApplicationSupportsIndirectInputEvents = YES;
				INFOPLIST_KEY_UILaunchScreen_Generation = YES;
				INFOPLIST_KEY_UISupportedInterfaceOrientations = UIInterfaceOrientationPortrait;
				INFOPLIST_KEY_UISupportedInterfaceOrientations_iPad = "UIInterfaceOrientationLandscapeLeft UIInterfaceOrientationLandscapeRight UIInterfaceOrientationPortrait UIInterfaceOrientationPortraitUpsideDown";
				LD_RUNPATH_SEARCH_PATHS = (
					"$(inherited)",
					"@executable_path/Frameworks",
				);
				MARKETING_VERSION = 2026.0;
				PRODUCT_BUNDLE_IDENTIFIER = de.ffwdventures.Bergschein;
				PRODUCT_NAME = "$(TARGET_NAME)";
				STRING_CATALOG_GENERATE_SYMBOLS = YES;
				SUPPORTED_PLATFORMS = "iphoneos iphonesimulator";
				SUPPORTS_MACCATALYST = NO;
				SUPPORTS_MAC_DESIGNED_FOR_IPHONE_IPAD = NO;
				SUPPORTS_XR_DESIGNED_FOR_IPHONE_IPAD = NO;
				SWIFT_APPROACHABLE_CONCURRENCY = YES;
				SWIFT_DEFAULT_ACTOR_ISOLATION = MainActor;
				SWIFT_EMIT_LOC_STRINGS = YES;
				SWIFT_UPCOMING_FEATURE_MEMBER_IMPORT_VISIBILITY = YES;
				SWIFT_VERSION = 5.0;
				TARGETED_DEVICE_FAMILY = 1;
			};
			name = Release;
		};
/* End XCBuildConfiguration section */

/* Begin XCConfigurationList section */
		A69F0BCD2F6D5A9800D2C755 /* Build configuration list for PBXProject "Bergschein" */ = {
			isa = XCConfigurationList;
			buildConfigurations = (
				A69F0BDD2F6D5A9900D2C755 /* Debug */,
				A69F0BDE2F6D5A9900D2C755 /* Release */,
			);
			defaultConfigurationIsVisible = 0;
			defaultConfigurationName = Release;
		};
		A69F0BDF2F6D5A9900D2C755 /* Build configuration list for PBXNativeTarget "Bergschein" */ = {
			isa = XCConfigurationList;
			buildConfigurations = (
				A69F0BE02F6D5A9900D2C755 /* Debug */,
				A69F0BE12F6D5A9900D2C755 /* Release */,
			);
			defaultConfigurationIsVisible = 0;
			defaultConfigurationName = Release;
		};
/* End XCConfigurationList section */
	};
	rootObject = A69F0BCA2F6D5A9800D2C755 /* Project object */;
}
